
Microsoft Visual Studio Solution File, Format Version 12.00
# Visual Studio 14
VisualStudioVersion = 14.0.23107.0
MinimumVisualStudioVersion = 10.0.40219.1
Project("{FAE04EC0-301F-11D3-BF4B-00C04F79EFBC}") = "CKxlsxLib", "CKxlsxLib\CKxlsxLib.csproj", "{018F06A0-666A-4543-A3F0-546A7F68600F}"
EndProject
Project("{FAE04EC0-301F-11D3-BF4B-00C04F79EFBC}") = "UnitTests", "UnitTests\UnitTests.csproj", "{3A606B1C-3C39-4EFA-B785-4DABBBECA4E8}"
EndProject
Global
	GlobalSection(SolutionConfigurationPlatforms) = preSolution
		Debug|Any CPU = Debug|Any CPU
		Release|Any CPU = Release|Any CPU
		ReportGenerator|Any CPU = ReportGenerator|Any CPU
	EndGlobalSection
	GlobalSection(ProjectConfigurationPlatforms) = postSolution
		{018F06A0-666A-4543-A3F0-546A7F68600F}.Debug|Any CPU.ActiveCfg = Debug|Any CPU
		{018F06A0-666A-4543-A3F0-546A7F68600F}.Debug|Any CPU.Build.0 = Debug|Any CPU
		{018F06A0-666A-4543-A3F0-546A7F68600F}.Release|Any CPU.ActiveCfg = Release|Any CPU
		{018F06A0-666A-4543-A3F0-546A7F68600F}.Release|Any CPU.Build.0 = Release|Any CPU
		{018F06A0-666A-4543-A3F0-546A7F68600F}.ReportGenerator|Any CPU.ActiveCfg = Release|Any CPU
		{018F06A0-666A-4543-A3F0-546A7F68600F}.ReportGenerator|Any CPU.Build.0 = Release|Any CPU
		{3A606B1C-3C39-4EFA-B785-4DABBBECA4E8}.Debug|Any CPU.ActiveCfg = Debug|Any CPU
		{3A606B1C-3C39-4EFA-B785-4DABBBECA4E8}.Debug|Any CPU.Build.0 = Debug|Any CPU
		{3A606B1C-3C39-4EFA-B785-4DABBBECA4E8}.Release|Any CPU.ActiveCfg = Release|Any CPU
		{3A606B1C-3C39-4EFA-B785-4DABBBECA4E8}.Release|Any CPU.Build.0 = Release|Any CPU
		{3A606B1C-3C39-4EFA-B785-4DABBBECA4E8}.ReportGenerator|Any CPU.ActiveCfg = ReportGenerator|Any CPU
		{3A606B1C-3C39-4EFA-B785-4DABBBECA4E8}.ReportGenerator|Any CPU.Build.0 = ReportGenerator|Any CPU
	EndGlobalSection
	GlobalSection(SolutionProperties) = preSolution
		HideSolutionNode = FALSE
	EndGlobalSection
EndGlobal
